<?xml version="1.0" encoding="utf-8"?>
<Project ToolsVersion="4.0" xmlns="http://schemas.microsoft.com/developer/msbuild/2003">
  <ItemGroup>
    <Filter Include="Source Files">
      <UniqueIdentifier>{4FC737F1-C7A5-4376-A066-2A32D752A2FF}</UniqueIdentifier>
      <Extensions>cpp;c;cc;cxx;def;odl;idl;hpj;bat;asm;asmx</Extensions>
    </Filter>
    <Filter Include="Header Files">
      <UniqueIdentifier>{93995380-89BD-4b04-88EB-625FBE52EBFB}</UniqueIdentifier>
      <Extensions>h;hh;hpp;hxx;hm;inl;inc;xsd</Extensions>
    </Filter>
    <Filter Include="Shaders">
      <UniqueIdentifier>{1b978dcc-b78c-4e9a-b05f-148bf5c226bb}</UniqueIdentifier>
    </Filter>
    <Filter Include="external">
      <UniqueIdentifier>{e17cfdf8-6e3e-4434-8c89-16e8b13f693b}</UniqueIdentifier>
    </Filter>
  </ItemGroup>
  <ItemGroup>
    <ClCompile Include="src\Main.cpp">
      <Filter>Source Files</Filter>
    </ClCompile>
    <ClCompile Include="src\Camera.cpp">
      <Filter>Source Files</Filter>
    </ClCompile>
    <ClCompile Include="src\Game.cpp">
      <Filter>Source Files</Filter>
    </ClCompile>
    <ClCompile Include="src\Mesh.cpp">
      <Filter>Source Files</Filter>
    </ClCompile>
    <ClCompile Include="src\Model.cpp">
      <Filter>Source Files</Filter>
    </ClCompile>
    <ClCompile Include="src\Shader.cpp">
      <Filter>Source Files</Filter>
    </ClCompile>
    <ClCompile Include="src\ShaderProgram.cpp">
      <Filter>Source Files</Filter>
    </ClCompile>
    <ClCompile Include="src\Skybox.cpp">
      <Filter>Source Files</Filter>
    </ClCompile>
    <ClCompile Include="src\Texture.cpp">
      <Filter>Source Files</Filter>
    </ClCompile>
    <ClCompile Include="src\KeyManager.cpp">
      <Filter>Source Files</Filter>
    </ClCompile>
    <ClCompile Include="external\gl3w\src\gl3w.c">
      <Filter>external</Filter>
    </ClCompile>
    <ClCompile Include="external\stb\stb_image.c">
      <Filter>external</Filter>
    </ClCompile>
    <ClCompile Include="external\imgui-1.45\imgui\imgui.cpp">
      <Filter>external</Filter>
    </ClCompile>
    <ClCompile Include="external\imgui-1.45\imgui\imgui_demo.cpp">
      <Filter>external</Filter>
    </ClCompile>
    <ClCompile Include="external\imgui-1.45\imgui\imgui_draw.cpp">
      <Filter>external</Filter>
    </ClCompile>
    <ClCompile Include="external\imgui-1.45\imgui\imgui_impl_gl3.cpp">
      <Filter>external</Filter>
    </ClCompile>
    <ClCompile Include="src\ShadowMap.cpp">
      <Filter>Source Files</Filter>
    </ClCompile>
    <ClCompile Include="src\Ray.cpp">
      <Filter>Source Files</Filter>
    </ClCompile>
    <ClCompile Include="src\DrawableTexture.cpp">
      <Filter>Source Files</Filter>
    </ClCompile>
    <ClCompile Include="src\PostProcess.cpp">
      <Filter>Source Files</Filter>
    </ClCompile>
    <ClCompile Include="src\ShaderManager.cpp">
      <Filter>Source Files</Filter>
    </ClCompile>
    <ClCompile Include="src\SceneParser.cpp">
      <Filter>Source Files</Filter>
    </ClCompile>
    <ClCompile Include="external\pugixml\pugixml.cpp">
      <Filter>external</Filter>
    </ClCompile>
    <ClCompile Include="src\Entity.cpp">
      <Filter>Source Files</Filter>
    </ClCompile>
    <ClCompile Include="external\stb\stb_image_write.c">
      <Filter>external</Filter>
    </ClCompile>
  </ItemGroup>
  <ItemGroup>
    <ClInclude Include="src\Camera.h">
      <Filter>Source Files</Filter>
    </ClInclude>
    <ClInclude Include="src\Debug.h">
      <Filter>Source Files</Filter>
    </ClInclude>
    <ClInclude Include="src\Game.h">
      <Filter>Source Files</Filter>
    </ClInclude>
    <ClInclude Include="src\Keys.h">
      <Filter>Source Files</Filter>
    </ClInclude>
    <ClInclude Include="src\Logger.h">
      <Filter>Source Files</Filter>
    </ClInclude>
    <ClInclude Include="src\Mesh.h">
      <Filter>Source Files</Filter>
    </ClInclude>
    <ClInclude Include="src\Model.h">
      <Filter>Source Files</Filter>
    </ClInclude>
    <ClInclude Include="src\Shader.h">
      <Filter>Source Files</Filter>
    </ClInclude>
    <ClInclude Include="src\ShaderProgram.h">
      <Filter>Source Files</Filter>
    </ClInclude>
    <ClInclude Include="src\Skybox.h">
      <Filter>Source Files</Filter>
    </ClInclude>
    <ClInclude Include="src\Texture.h">
      <Filter>Source Files</Filter>
    </ClInclude>
    <ClInclude Include="src\Utility.h">
      <Filter>Source Files</Filter>
    </ClInclude>
    <ClInclude Include="src\AlignedAllocation.h">
      <Filter>Source Files</Filter>
    </ClInclude>
    <ClInclude Include="src\KeyManager.h">
      <Filter>Source Files</Filter>
    </ClInclude>
    <ClInclude Include="src\Material.h">
      <Filter>Source Files</Filter>
    </ClInclude>
    <ClInclude Include="src\ShadowMap.h">
      <Filter>Source Files</Filter>
    </ClInclude>
    <ClInclude Include="src\BoundingBox.h">
      <Filter>Source Files</Filter>
    </ClInclude>
    <ClInclude Include="src\Ray.h">
      <Filter>Source Files</Filter>
    </ClInclude>
    <ClInclude Include="src\DrawableTexture.h">
      <Filter>Source Files</Filter>
    </ClInclude>
    <ClInclude Include="src\PostProcess.h">
      <Filter>Source Files</Filter>
    </ClInclude>
    <ClInclude Include="src\ShaderManager.h">
      <Filter>Source Files</Filter>
    </ClInclude>
    <ClInclude Include="src\SceneParser.h">
      <Filter>Source Files</Filter>
    </ClInclude>
    <ClInclude Include="src\Entity.h">
      <Filter>Header Files</Filter>
    </ClInclude>
  </ItemGroup>
  <ItemGroup>
    <None Include="data\shaders\default.frag">
      <Filter>Shaders</Filter>
    </None>
    <None Include="data\shaders\default.vert">
      <Filter>Shaders</Filter>
    </None>
    <None Include="data\shaders\skybox.frag">
      <Filter>Shaders</Filter>
    </None>
    <None Include="data\shaders\skybox.vert">
      <Filter>Shaders</Filter>
    </None>
    <None Include="data\shaders\simple_depth.vert">
      <Filter>Shaders</Filter>
    </None>
    <None Include="data\shaders\simple_depth.frag">
      <Filter>Shaders</Filter>
    </None>
    <None Include="data\shaders\post_process.frag">
      <Filter>Shaders</Filter>
    </None>
    <None Include="data\shaders\post_process.vert">
      <Filter>Shaders</Filter>
    </None>
    <None Include="data\shaders\pp_hdr.frag">
      <Filter>Shaders</Filter>
    </None>
    <None Include="data\shaders\pp_monochrome.frag">
      <Filter>Shaders</Filter>
    </None>
    <None Include="data\shaders\pp_default.vert">
      <Filter>Shaders</Filter>
    </None>
    <None Include="data\shaders\pp_motion_blur.frag">
      <Filter>Shaders</Filter>
    </None>
    <None Include="data\shaders\pp_down_filter.frag">
      <Filter>Shaders</Filter>
    </None>
    <None Include="data\shaders\pp_bloom.frag">
      <Filter>Shaders</Filter>
    </None>
    <None Include="data\shaders\pp_bright_pass.frag">
      <Filter>Shaders</Filter>
    </None>
    <None Include="data\shaders\pp_blur_v.frag">
      <Filter>Shaders</Filter>
    </None>
    <None Include="data\shaders\pp_blur_h.frag">
      <Filter>Shaders</Filter>
    </None>
    <None Include="data\shaders\pp_negative.frag">
      <Filter>Shaders</Filter>
    </None>
  </ItemGroup>
</Project>